
Microsoft Visual Studio Solution File, Format Version 12.00
# Visual Studio Version 17
VisualStudioVersion = 17.0.31903.59
MinimumVisualStudioVersion = 10.0.40219.1
Project("{2150E333-8FDC-42A3-9474-1A3956D46DE8}") = "src", "src", "{582CA384-1345-4F2E-9BCF-477FD0FE70BA}"
EndProject
Project("{FAE04EC0-301F-11D3-BF4B-00C04F79EFBC}") = "OsuDroid.Game", "src\OsuDroid.Game\OsuDroid.Game.csproj", "{A2D861B7-E4ED-4AB6-A93B-972DC14057CC}"
EndProject
Project("{2150E333-8FDC-42A3-9474-1A3956D46DE8}") = "tests", "tests", "{BE689662-736E-4E15-BCA3-530D0285AD48}"
EndProject
Project("{FAE04EC0-301F-11D3-BF4B-00C04F79EFBC}") = "OsuDroid.Game.Tests", "tests\OsuDroid.Game.Tests\OsuDroid.Game.Tests.csproj", "{9A33C58E-6563-4AD4-8519-0DFE279FBEC8}"
EndProject
Project("{FAE04EC0-301F-11D3-BF4B-00C04F79EFBC}") = "OsuDroid.App", "src\OsuDroid.App\OsuDroid.App.csproj", "{6638CD6D-16F1-4C85-A806-485A2F5A71A2}"
EndProject
Project("{FAE04EC0-301F-11D3-BF4B-00C04F79EFBC}") = "OsuDroid.Game.UI", "src\OsuDroid.Game.UI\OsuDroid.Game.UI.csproj", "{22280FDE-835E-4D22-8183-C870B29D820C}"
EndProject
Project("{FAE04EC0-301F-11D3-BF4B-00C04F79EFBC}") = "OsuDroid.Game.Runtime", "src\OsuDroid.Game.Runtime\OsuDroid.Game.Runtime.csproj", "{56300708-B853-4BE5-9367-7CC243639FD3}"
EndProject
Project("{FAE04EC0-301F-11D3-BF4B-00C04F79EFBC}") = "OsuDroid.Game.Compatibility", "src\OsuDroid.Game.Compatibility\OsuDroid.Game.Compatibility.csproj", "{17215F9A-267A-4768-A15A-4B39937B1760}"
EndProject
Project("{FAE04EC0-301F-11D3-BF4B-00C04F79EFBC}") = "OsuDroid.Game.Beatmaps", "src\OsuDroid.Game.Beatmaps\OsuDroid.Game.Beatmaps.csproj", "{26EE086B-4271-49D5-A062-930D14CF7EBD}"
EndProject
Global
	GlobalSection(SolutionConfigurationPlatforms) = preSolution
		Debug|Any CPU = Debug|Any CPU
		Debug|x64 = Debug|x64
		Debug|x86 = Debug|x86
		Release|Any CPU = Release|Any CPU
		Release|x64 = Release|x64
		Release|x86 = Release|x86
	EndGlobalSection
	GlobalSection(ProjectConfigurationPlatforms) = postSolution
		{A2D861B7-E4ED-4AB6-A93B-972DC14057CC}.Debug|Any CPU.ActiveCfg = Debug|Any CPU
		{A2D861B7-E4ED-4AB6-A93B-972DC14057CC}.Debug|Any CPU.Build.0 = Debug|Any CPU
		{A2D861B7-E4ED-4AB6-A93B-972DC14057CC}.Debug|x64.ActiveCfg = Debug|Any CPU
		{A2D861B7-E4ED-4AB6-A93B-972DC14057CC}.Debug|x64.Build.0 = Debug|Any CPU
		{A2D861B7-E4ED-4AB6-A93B-972DC14057CC}.Debug|x86.ActiveCfg = Debug|Any CPU
		{A2D861B7-E4ED-4AB6-A93B-972DC14057CC}.Debug|x86.Build.0 = Debug|Any CPU
		{A2D861B7-E4ED-4AB6-A93B-972DC14057CC}.Release|Any CPU.ActiveCfg = Release|Any CPU
		{A2D861B7-E4ED-4AB6-A93B-972DC14057CC}.Release|Any CPU.Build.0 = Release|Any CPU
		{A2D861B7-E4ED-4AB6-A93B-972DC14057CC}.Release|x64.ActiveCfg = Release|Any CPU
		{A2D861B7-E4ED-4AB6-A93B-972DC14057CC}.Release|x64.Build.0 = Release|Any CPU
		{A2D861B7-E4ED-4AB6-A93B-972DC14057CC}.Release|x86.ActiveCfg = Release|Any CPU
		{A2D861B7-E4ED-4AB6-A93B-972DC14057CC}.Release|x86.Build.0 = Release|Any CPU
		{9A33C58E-6563-4AD4-8519-0DFE279FBEC8}.Debug|Any CPU.ActiveCfg = Debug|Any CPU
		{9A33C58E-6563-4AD4-8519-0DFE279FBEC8}.Debug|Any CPU.Build.0 = Debug|Any CPU
		{9A33C58E-6563-4AD4-8519-0DFE279FBEC8}.Debug|x64.ActiveCfg = Debug|Any CPU
		{9A33C58E-6563-4AD4-8519-0DFE279FBEC8}.Debug|x64.Build.0 = Debug|Any CPU
		{9A33C58E-6563-4AD4-8519-0DFE279FBEC8}.Debug|x86.ActiveCfg = Debug|Any CPU
		{9A33C58E-6563-4AD4-8519-0DFE279FBEC8}.Debug|x86.Build.0 = Debug|Any CPU
		{9A33C58E-6563-4AD4-8519-0DFE279FBEC8}.Release|Any CPU.ActiveCfg = Release|Any CPU
		{9A33C58E-6563-4AD4-8519-0DFE279FBEC8}.Release|Any CPU.Build.0 = Release|Any CPU
		{9A33C58E-6563-4AD4-8519-0DFE279FBEC8}.Release|x64.ActiveCfg = Release|Any CPU
		{9A33C58E-6563-4AD4-8519-0DFE279FBEC8}.Release|x64.Build.0 = Release|Any CPU
		{9A33C58E-6563-4AD4-8519-0DFE279FBEC8}.Release|x86.ActiveCfg = Release|Any CPU
		{9A33C58E-6563-4AD4-8519-0DFE279FBEC8}.Release|x86.Build.0 = Release|Any CPU
		{6638CD6D-16F1-4C85-A806-485A2F5A71A2}.Debug|Any CPU.ActiveCfg = Debug|Any CPU
		{6638CD6D-16F1-4C85-A806-485A2F5A71A2}.Debug|Any CPU.Build.0 = Debug|Any CPU
		{6638CD6D-16F1-4C85-A806-485A2F5A71A2}.Debug|x64.ActiveCfg = Debug|Any CPU
		{6638CD6D-16F1-4C85-A806-485A2F5A71A2}.Debug|x64.Build.0 = Debug|Any CPU
		{6638CD6D-16F1-4C85-A806-485A2F5A71A2}.Debug|x86.ActiveCfg = Debug|Any CPU
		{6638CD6D-16F1-4C85-A806-485A2F5A71A2}.Debug|x86.Build.0 = Debug|Any CPU
		{6638CD6D-16F1-4C85-A806-485A2F5A71A2}.Release|Any CPU.ActiveCfg = Release|Any CPU
		{6638CD6D-16F1-4C85-A806-485A2F5A71A2}.Release|Any CPU.Build.0 = Release|Any CPU
		{6638CD6D-16F1-4C85-A806-485A2F5A71A2}.Release|x64.ActiveCfg = Release|Any CPU
		{6638CD6D-16F1-4C85-A806-485A2F5A71A2}.Release|x64.Build.0 = Release|Any CPU
		{6638CD6D-16F1-4C85-A806-485A2F5A71A2}.Release|x86.ActiveCfg = Release|Any CPU
		{6638CD6D-16F1-4C85-A806-485A2F5A71A2}.Release|x86.Build.0 = Release|Any CPU
		{22280FDE-835E-4D22-8183-C870B29D820C}.Debug|Any CPU.ActiveCfg = Debug|Any CPU
		{22280FDE-835E-4D22-8183-C870B29D820C}.Debug|Any CPU.Build.0 = Debug|Any CPU
		{22280FDE-835E-4D22-8183-C870B29D820C}.Debug|x64.ActiveCfg = Debug|Any CPU
		{22280FDE-835E-4D22-8183-C870B29D820C}.Debug|x64.Build.0 = Debug|Any CPU
		{22280FDE-835E-4D22-8183-C870B29D820C}.Debug|x86.ActiveCfg = Debug|Any CPU
		{22280FDE-835E-4D22-8183-C870B29D820C}.Debug|x86.Build.0 = Debug|Any CPU
		{22280FDE-835E-4D22-8183-C870B29D820C}.Release|Any CPU.ActiveCfg = Release|Any CPU
		{22280FDE-835E-4D22-8183-C870B29D820C}.Release|Any CPU.Build.0 = Release|Any CPU
		{22280FDE-835E-4D22-8183-C870B29D820C}.Release|x64.ActiveCfg = Release|Any CPU
		{22280FDE-835E-4D22-8183-C870B29D820C}.Release|x64.Build.0 = Release|Any CPU
		{22280FDE-835E-4D22-8183-C870B29D820C}.Release|x86.ActiveCfg = Release|Any CPU
		{22280FDE-835E-4D22-8183-C870B29D820C}.Release|x86.Build.0 = Release|Any CPU
		{56300708-B853-4BE5-9367-7CC243639FD3}.Debug|Any CPU.ActiveCfg = Debug|Any CPU
		{56300708-B853-4BE5-9367-7CC243639FD3}.Debug|Any CPU.Build.0 = Debug|Any CPU
		{56300708-B853-4BE5-9367-7CC243639FD3}.Debug|x64.ActiveCfg = Debug|Any CPU
		{56300708-B853-4BE5-9367-7CC243639FD3}.Debug|x64.Build.0 = Debug|Any CPU
		{56300708-B853-4BE5-9367-7CC243639FD3}.Debug|x86.ActiveCfg = Debug|Any CPU
		{56300708-B853-4BE5-9367-7CC243639FD3}.Debug|x86.Build.0 = Debug|Any CPU
		{56300708-B853-4BE5-9367-7CC243639FD3}.Release|Any CPU.ActiveCfg = Release|Any CPU
		{56300708-B853-4BE5-9367-7CC243639FD3}.Release|Any CPU.Build.0 = Release|Any CPU
		{56300708-B853-4BE5-9367-7CC243639FD3}.Release|x64.ActiveCfg = Release|Any CPU
		{56300708-B853-4BE5-9367-7CC243639FD3}.Release|x64.Build.0 = Release|Any CPU
		{56300708-B853-4BE5-9367-7CC243639FD3}.Release|x86.ActiveCfg = Release|Any CPU
		{56300708-B853-4BE5-9367-7CC243639FD3}.Release|x86.Build.0 = Release|Any CPU
		{17215F9A-267A-4768-A15A-4B39937B1760}.Debug|Any CPU.ActiveCfg = Debug|Any CPU
		{17215F9A-267A-4768-A15A-4B39937B1760}.Debug|Any CPU.Build.0 = Debug|Any CPU
		{17215F9A-267A-4768-A15A-4B39937B1760}.Debug|x64.ActiveCfg = Debug|Any CPU
		{17215F9A-267A-4768-A15A-4B39937B1760}.Debug|x64.Build.0 = Debug|Any CPU
		{17215F9A-267A-4768-A15A-4B39937B1760}.Debug|x86.ActiveCfg = Debug|Any CPU
		{17215F9A-267A-4768-A15A-4B39937B1760}.Debug|x86.Build.0 = Debug|Any CPU
		{17215F9A-267A-4768-A15A-4B39937B1760}.Release|Any CPU.ActiveCfg = Release|Any CPU
		{17215F9A-267A-4768-A15A-4B39937B1760}.Release|Any CPU.Build.0 = Release|Any CPU
		{17215F9A-267A-4768-A15A-4B39937B1760}.Release|x64.ActiveCfg = Release|Any CPU
		{17215F9A-267A-4768-A15A-4B39937B1760}.Release|x64.Build.0 = Release|Any CPU
		{17215F9A-267A-4768-A15A-4B39937B1760}.Release|x86.ActiveCfg = Release|Any CPU
		{17215F9A-267A-4768-A15A-4B39937B1760}.Release|x86.Build.0 = Release|Any CPU
		{26EE086B-4271-49D5-A062-930D14CF7EBD}.Debug|Any CPU.ActiveCfg = Debug|Any CPU
		{26EE086B-4271-49D5-A062-930D14CF7EBD}.Debug|Any CPU.Build.0 = Debug|Any CPU
		{26EE086B-4271-49D5-A062-930D14CF7EBD}.Debug|x64.ActiveCfg = Debug|Any CPU
		{26EE086B-4271-49D5-A062-930D14CF7EBD}.Debug|x64.Build.0 = Debug|Any CPU
		{26EE086B-4271-49D5-A062-930D14CF7EBD}.Debug|x86.ActiveCfg = Debug|Any CPU
		{26EE086B-4271-49D5-A062-930D14CF7EBD}.Debug|x86.Build.0 = Debug|Any CPU
		{26EE086B-4271-49D5-A062-930D14CF7EBD}.Release|Any CPU.ActiveCfg = Release|Any CPU
		{26EE086B-4271-49D5-A062-930D14CF7EBD}.Release|Any CPU.Build.0 = Release|Any CPU
		{26EE086B-4271-49D5-A062-930D14CF7EBD}.Release|x64.ActiveCfg = Release|Any CPU
		{26EE086B-4271-49D5-A062-930D14CF7EBD}.Release|x64.Build.0 = Release|Any CPU
		{26EE086B-4271-49D5-A062-930D14CF7EBD}.Release|x86.ActiveCfg = Release|Any CPU
		{26EE086B-4271-49D5-A062-930D14CF7EBD}.Release|x86.Build.0 = Release|Any CPU
	EndGlobalSection
	GlobalSection(SolutionProperties) = preSolution
		HideSolutionNode = FALSE
	EndGlobalSection
	GlobalSection(NestedProjects) = preSolution
		{A2D861B7-E4ED-4AB6-A93B-972DC14057CC} = {582CA384-1345-4F2E-9BCF-477FD0FE70BA}
		{9A33C58E-6563-4AD4-8519-0DFE279FBEC8} = {BE689662-736E-4E15-BCA3-530D0285AD48}
		{6638CD6D-16F1-4C85-A806-485A2F5A71A2} = {582CA384-1345-4F2E-9BCF-477FD0FE70BA}
		{22280FDE-835E-4D22-8183-C870B29D820C} = {582CA384-1345-4F2E-9BCF-477FD0FE70BA}
		{56300708-B853-4BE5-9367-7CC243639FD3} = {582CA384-1345-4F2E-9BCF-477FD0FE70BA}
		{17215F9A-267A-4768-A15A-4B39937B1760} = {582CA384-1345-4F2E-9BCF-477FD0FE70BA}
		{26EE086B-4271-49D5-A062-930D14CF7EBD} = {582CA384-1345-4F2E-9BCF-477FD0FE70BA}
	EndGlobalSection
EndGlobal
